Microsoft Visual Studio Solution File, Format Version 12.00
# Visual Studio Version 17
VisualStudioVersion = 17.5.2.0
MinimumVisualStudioVersion = 10.0.40219.1
Project("{FAE04EC0-301F-11D3-BF4B-00C04F79EFBC}") = "Controls", "Controls.csproj", "{B4D908C6-50DA-D56C-E3EB-E6C68AD5D93D}"
EndProject
Global
	GlobalSection(SolutionConfigurationPlatforms) = preSolution
		Debug|Any CPU = Debug|Any CPU
		Release|Any CPU = Release|Any CPU
	EndGlobalSection
	GlobalSection(ProjectConfigurationPlatforms) = postSolution
		{B4D908C6-50DA-D56C-E3EB-E6C68AD5D93D}.Debug|Any CPU.ActiveCfg = Debug|Any CPU
		{B4D908C6-50DA-D56C-E3EB-E6C68AD5D93D}.Debug|Any CPU.Build.0 = Debug|Any CPU
		{B4D908C6-50DA-D56C-E3EB-E6C68AD5D93D}.Release|Any CPU.ActiveCfg = Release|Any CPU
		{B4D908C6-50DA-D56C-E3EB-E6C68AD5D93D}.Release|Any CPU.Build.0 = Release|Any CPU
	EndGlobalSection
	GlobalSection(SolutionProperties) = preSolution
		HideSolutionNode = FALSE
	EndGlobalSection
	GlobalSection(ExtensibilityGlobals) = postSolution
		SolutionGuid = {0C33907F-3F60-40CB-88BC-454682469F51}
	EndGlobalSection
EndGlobal
